// !$*UTF8*$!
{
	archiveVersion = 1;
	classes = {
	};
	objectVersion = 55;
	objects = {

/* Begin PBXBuildFile section */
		7938E5D928DCBD770013876B /* LoginView.swift in Sources */ = {isa = PBXBuildFile; fileRef = 7938E5D828DCBD770013876B /* LoginView.swift */; };
		927FEFE628DBBF7000632ACC /* OnboardingView.swift in Sources */ = {isa = PBXBuildFile; fileRef = 927FEFE528DBBF7000632ACC /* OnboardingView.swift */; };
		92D766B828D8C9BC002CC687 /* LegoBlendApp.swift in Sources */ = {isa = PBXBuildFile; fileRef = 92D766B728D8C9BC002CC687 /* LegoBlendApp.swift */; };
		92D766BA28D8C9BC002CC687 /* SplashView.swift in Sources */ = {isa = PBXBuildFile; fileRef = 92D766B928D8C9BC002CC687 /* SplashView.swift */; };
		92D766BC28D8C9C4002CC687 /* Assets.xcassets in Resources */ = {isa = PBXBuildFile; fileRef = 92D766BB28D8C9C4002CC687 /* Assets.xcassets */; };
		92D766BF28D8C9C4002CC687 /* Preview Assets.xcassets in Resources */ = {isa = PBXBuildFile; fileRef = 92D766BE28D8C9C4002CC687 /* Preview Assets.xcassets */; };
		92D766C928D8C9C4002CC687 /* LegoBlendTests.swift in Sources */ = {isa = PBXBuildFile; fileRef = 92D766C828D8C9C4002CC687 /* LegoBlendTests.swift */; };
		92D766D328D8C9C4002CC687 /* LegoBlendUITests.swift in Sources */ = {isa = PBXBuildFile; fileRef = 92D766D228D8C9C4002CC687 /* LegoBlendUITests.swift */; };
		92D766D528D8C9C4002CC687 /* LegoBlendUITestsLaunchTests.swift in Sources */ = {isa = PBXBuildFile; fileRef = 92D766D428D8C9C4002CC687 /* LegoBlendUITestsLaunchTests.swift */; };
/* End PBXBuildFile section */

/* Begin PBXContainerItemProxy section */
		92D766C528D8C9C4002CC687 /* PBXContainerItemProxy */ = {
			isa = PBXContainerItemProxy;
			containerPortal = 92D766AC28D8C9BC002CC687 /* Project object */;
			proxyType = 1;
			remoteGlobalIDString = 92D766B328D8C9BC002CC687;
			remoteInfo = LegoBlend;
		};
		92D766CF28D8C9C4002CC687 /* PBXContainerItemProxy */ = {
			isa = PBXContainerItemProxy;
			containerPortal = 92D766AC28D8C9BC002CC687 /* Project object */;
			proxyType = 1;
			remoteGlobalIDString = 92D766B328D8C9BC002CC687;
			remoteInfo = LegoBlend;
		};
/* End PBXContainerItemProxy section */

/* Begin PBXFileReference section */
		7938E5D828DCBD770013876B /* LoginView.swift */ = {isa = PBXFileReference; lastKnownFileType = sourcecode.swift; path = LoginView.swift; sourceTree = "<group>"; };
		927FEFE528DBBF7000632ACC /* OnboardingView.swift */ = {isa = PBXFileReference; lastKnownFileType = sourcecode.swift; path = OnboardingView.swift; sourceTree = "<group>"; };
		92D766B428D8C9BC002CC687 /* LegoBlend.app */ = {isa = PBXFileReference; explicitFileType = wrapper.application; includeInIndex = 0; path = LegoBlend.app; sourceTree = BUILT_PRODUCTS_DIR; };
		92D766B728D8C9BC002CC687 /* LegoBlendApp.swift */ = {isa = PBXFileReference; lastKnownFileType = sourcecode.swift; path = LegoBlendApp.swift; sourceTree = "<group>"; };
		92D766B928D8C9BC002CC687 /* SplashView.swift */ = {isa = PBXFileReference; lastKnownFileType = sourcecode.swift; path = SplashView.swift; sourceTree = "<group>"; };
		92D766BB28D8C9C4002CC687 /* Assets.xcassets */ = {isa = PBXFileReference; lastKnownFileType = folder.assetcatalog; path = Assets.xcassets; sourceTree = "<group>"; };
		92D766BE28D8C9C4002CC687 /* Preview Assets.xcassets */ = {isa = PBXFileReference; lastKnownFileType = folder.assetcatalog; path = "Preview Assets.xcassets"; sourceTree = "<group>"; };
		92D766C428D8C9C4002CC687 /* LegoBlendTests.xctest */ = {isa = PBXFileReference; explicitFileType = wrapper.cfbundle; includeInIndex = 0; path = LegoBlendTests.xctest; sourceTree = BUILT_PRODUCTS_DIR; };
		92D766C828D8C9C4002CC687 /* LegoBlendTests.swift */ = {isa = PBXFileReference; lastKnownFileType = sourcecode.swift; path = LegoBlendTests.swift; sourceTree = "<group>"; };
		92D766CE28D8C9C4002CC687 /* LegoBlendUITests.xctest */ = {isa = PBXFileReference; explicitFileType = wrapper.cfbundle; includeInIndex = 0; path = LegoBlendUITests.xctest; sourceTree = BUILT_PRODUCTS_DIR; };
		92D766D228D8C9C4002CC687 /* LegoBlendUITests.swift */ = {isa = PBXFileReference; lastKnownFileType = sourcecode.swift; path = LegoBlendUITests.swift; sourceTree = "<group>"; };
		92D766D428D8C9C4002CC687 /* LegoBlendUITestsLaunchTests.swift */ = {isa = PBXFileReference; lastKnownFileType = sourcecode.swift; path = LegoBlendUITestsLaunchTests.swift; sourceTree = "<group>"; };
/* End PBXFileReference section */

/* Begin PBXFrameworksBuildPhase section */
		92D766B128D8C9BC002CC687 /* Frameworks */ = {
			isa = PBXFrameworksBuildPhase;
			buildActionMask = 2147483647;
			files = (
			);
			runOnlyForDeploymentPostprocessing = 0;
		};
		92D766C128D8C9C4002CC687 /* Frameworks */ = {
			isa = PBXFrameworksBuildPhase;
			buildActionMask = 2147483647;
			files = (
			);
			runOnlyForDeploymentPostprocessing = 0;
		};
		92D766CB28D8C9C4002CC687 /* Frameworks */ = {
			isa = PBXFrameworksBuildPhase;
			buildActionMask = 2147483647;
			files = (
			);
			runOnlyForDeploymentPostprocessing = 0;
		};
/* End PBXFrameworksBuildPhase section */

/* Begin PBXGroup section */
		92D766AB28D8C9BC002CC687 = {
			isa = PBXGroup;
			children = (
				92D766B628D8C9BC002CC687 /* LegoBlend */,
				92D766C728D8C9C4002CC687 /* LegoBlendTests */,
				92D766D128D8C9C4002CC687 /* LegoBlendUITests */,
				92D766B528D8C9BC002CC687 /* Products */,
			);
			sourceTree = "<group>";
		};
		92D766B528D8C9BC002CC687 /* Products */ = {
			isa = PBXGroup;
			children = (
				92D766B428D8C9BC002CC687 /* LegoBlend.app */,
				92D766C428D8C9C4002CC687 /* LegoBlendTests.xctest */,
				92D766CE28D8C9C4002CC687 /* LegoBlendUITests.xctest */,
			);
			name = Products;
			sourceTree = "<group>";
		};
		92D766B628D8C9BC002CC687 /* LegoBlend */ = {
			isa = PBXGroup;
			children = (
				92D766B728D8C9BC002CC687 /* LegoBlendApp.swift */,
				927FEFE528DBBF7000632ACC /* OnboardingView.swift */,
				7938E5D828DCBD770013876B /* LoginView.swift */,
				92D766B928D8C9BC002CC687 /* SplashView.swift */,
				92D766BB28D8C9C4002CC687 /* Assets.xcassets */,
				92D766BD28D8C9C4002CC687 /* Preview Content */,
			);
			path = LegoBlend;
			sourceTree = "<group>";
		};
		92D766BD28D8C9C4002CC687 /* Preview Content */ = {
			isa = PBXGroup;
			children = (
				92D766BE28D8C9C4002CC687 /* Preview Assets.xcassets */,
			);
			path = "Preview Content";
			sourceTree = "<group>";
		};
		92D766C728D8C9C4002CC687 /* LegoBlendTests */ = {
			isa = PBXGroup;
			children = (
				92D766C828D8C9C4002CC687 /* LegoBlendTests.swift */,
			);
			path = LegoBlendTests;
			sourceTree = "<group>";
		};
		92D766D128D8C9C4002CC687 /* LegoBlendUITests */ = {
			isa = PBXGroup;
			children = (
				92D766D228D8C9C4002CC687 /* LegoBlendUITests.swift */,
				92D766D428D8C9C4002CC687 /* LegoBlendUITestsLaunchTests.swift */,
			);
			path = LegoBlendUITests;
			sourceTree = "<group>";
		};
/* End PBXGroup section */

/* Begin PBXNativeTarget section */
		92D766B328D8C9BC002CC687 /* LegoBlend */ = {
			isa = PBXNativeTarget;
			buildConfigurationList = 92D766D828D8C9C4002CC687 /* Build configuration list for PBXNativeTarget "LegoBlend" */;
			buildPhases = (
				92D766B028D8C9BC002CC687 /* Sources */,
				92D766B128D8C9BC002CC687 /* Frameworks */,
				92D766B228D8C9BC002CC687 /* Resources */,
			);
			buildRules = (
			);
			dependencies = (
			);
			name = LegoBlend;
			productName = LegoBlend;
			productReference = 92D766B428D8C9BC002CC687 /* LegoBlend.app */;
			productType = "com.apple.product-type.application";
		};
		92D766C328D8C9C4002CC687 /* LegoBlendTests */ = {
			isa = PBXNativeTarget;
			buildConfigurationList = 92D766DB28D8C9C4002CC687 /* Build configuration list for PBXNativeTarget "LegoBlendTests" */;
			buildPhases = (
				92D766C028D8C9C4002CC687 /* Sources */,
				92D766C128D8C9C4002CC687 /* Frameworks */,
				92D766C228D8C9C4002CC687 /* Resources */,
			);
			buildRules = (
			);
			dependencies = (
				92D766C628D8C9C4002CC687 /* PBXTargetDependency */,
			);
			name = LegoBlendTests;
			productName = LegoBlendTests;
			productReference = 92D766C428D8C9C4002CC687 /* LegoBlendTests.xctest */;
			productType = "com.apple.product-type.bundle.unit-test";
		};
		92D766CD28D8C9C4002CC687 /* LegoBlendUITests */ = {
			isa = PBXNativeTarget;
			buildConfigurationList = 92D766DE28D8C9C4002CC687 /* Build configuration list for PBXNativeTarget "LegoBlendUITests" */;
			buildPhases = (
				92D766CA28D8C9C4002CC687 /* Sources */,
				92D766CB28D8C9C4002CC687 /* Frameworks */,
				92D766CC28D8C9C4002CC687 /* Resources */,
			);
			buildRules = (
			);
			dependencies = (
				92D766D028D8C9C4002CC687 /* PBXTargetDependency */,
			);
			name = LegoBlendUITests;
			productName = LegoBlendUITests;
			productReference = 92D766CE28D8C9C4002CC687 /* LegoBlendUITests.xctest */;
			productType = "com.apple.product-type.bundle.ui-testing";
		};
/* End PBXNativeTarget section */

/* Begin PBXProject section */
		92D766AC28D8C9BC002CC687 /* Project object */ = {
			isa = PBXProject;
			attributes = {
				BuildIndependentTargetsInParallel = 1;
				LastSwiftUpdateCheck = 1340;
				LastUpgradeCheck = 1340;
				TargetAttributes = {
					92D766B328D8C9BC002CC687 = {
						CreatedOnToolsVersion = 13.4.1;
					};
					92D766C328D8C9C4002CC687 = {
						CreatedOnToolsVersion = 13.4.1;
						TestTargetID = 92D766B328D8C9BC002CC687;
					};
					92D766CD28D8C9C4002CC687 = {
						CreatedOnToolsVersion = 13.4.1;
						TestTargetID = 92D766B328D8C9BC002CC687;
					};
				};
			};
			buildConfigurationList = 92D766AF28D8C9BC002CC687 /* Build configuration list for PBXProject "LegoBlend" */;
			compatibilityVersion = "Xcode 13.0";
			developmentRegion = en;
			hasScannedForEncodings = 0;
			knownRegions = (
				en,
				Base,
			);
			mainGroup = 92D766AB28D8C9BC002CC687;
			productRefGroup = 92D766B528D8C9BC002CC687 /* Products */;
			projectDirPath = "";
			projectRoot = "";
			targets = (
				92D766B328D8C9BC002CC687 /* LegoBlend */,
				92D766C328D8C9C4002CC687 /* LegoBlendTests */,
				92D766CD28D8C9C4002CC687 /* LegoBlendUITests */,
			);
		};
/* End PBXProject section */

/* Begin PBXResourcesBuildPhase section */
		92D766B228D8C9BC002CC687 /* Resources */ = {
			isa = PBXResourcesBuildPhase;
			buildActionMask = 2147483647;
			files = (
				92D766BF28D8C9C4002CC687 /* Preview Assets.xcassets in Resources */,
				92D766BC28D8C9C4002CC687 /* Assets.xcassets in Resources */,
			);
			runOnlyForDeploymentPostprocessing = 0;
		};
		92D766C228D8C9C4002CC687 /* Resources */ = {
			isa = PBXResourcesBuildPhase;
			buildActionMask = 2147483647;
			files = (
			);
			runOnlyForDeploymentPostprocessing = 0;
		};
		92D766CC28D8C9C4002CC687 /* Resources */ = {
			isa = PBXResourcesBuildPhase;
			buildActionMask = 2147483647;
			files = (
			);
			runOnlyForDeploymentPostprocessing = 0;
		};
/* End PBXResourcesBuildPhase section */

/* Begin PBXSourcesBuildPhase section */
		92D766B028D8C9BC002CC687 /* Sources */ = {
			isa = PBXSourcesBuildPhase;
			buildActionMask = 2147483647;
			files = (
				927FEFE628DBBF7000632ACC /* OnboardingView.swift in Sources */,
				92D766BA28D8C9BC002CC687 /* SplashView.swift in Sources */,
				7938E5D928DCBD770013876B /* LoginView.swift in Sources */,
				92D766B828D8C9BC002CC687 /* LegoBlendApp.swift in Sources */,
			);
			runOnlyForDeploymentPostprocessing = 0;
		};
		92D766C028D8C9C4002CC687 /* Sources */ = {
			isa = PBXSourcesBuildPhase;
			buildActionMask = 2147483647;
			files = (
				92D766C928D8C9C4002CC687 /* LegoBlendTests.swift in Sources */,
			);
			runOnlyForDeploymentPostprocessing = 0;
		};
		92D766CA28D8C9C4002CC687 /* Sources */ = {
			isa = PBXSourcesBuildPhase;
			buildActionMask = 2147483647;
			files = (
				92D766D328D8C9C4002CC687 /* LegoBlendUITests.swift in Sources */,
				92D766D528D8C9C4002CC687 /* LegoBlendUITestsLaunchTests.swift in Sources */,
			);
			runOnlyForDeploymentPostprocessing = 0;
		};
/* End PBXSourcesBuildPhase section */

/* Begin PBXTargetDependency section */
		92D766C628D8C9C4002CC687 /* PBXTargetDependency */ = {
			isa = PBXTargetDependency;
			target = 92D766B328D8C9BC002CC687 /* LegoBlend */;
			targetProxy = 92D766C528D8C9C4002CC687 /* PBXContainerItemProxy */;
		};
		92D766D028D8C9C4002CC687 /* PBXTargetDependency */ = {
			isa = PBXTargetDependency;
			target = 92D766B328D8C9BC002CC687 /* LegoBlend */;
			targetProxy = 92D766CF28D8C9C4002CC687 /* PBXContainerItemProxy */;
		};
/* End PBXTargetDependency section */

/* Begin XCBuildConfiguration section */
		92D766D628D8C9C4002CC687 /* Debug */ = {
			isa = XCBuildConfiguration;
			buildSettings = {
				ALWAYS_SEARCH_USER_PATHS = NO;
				CLANG_ANALYZER_NONNULL = YES;
				CLANG_ANALYZER_NUMBER_OBJECT_CONVERSION = YES_AGGRESSIVE;
				CLANG_CXX_LANGUAGE_STANDARD = "gnu++17";
				CLANG_ENABLE_MODULES = YES;
				CLANG_ENABLE_OBJC_ARC = YES;
				CLANG_ENABLE_OBJC_WEAK = YES;
				CLANG_WARN_BLOCK_CAPTURE_AUTORELEASING = YES;
				CLANG_WARN_BOOL_CONVERSION = YES;
				CLANG_WARN_COMMA = YES;
				CLANG_WARN_CONSTANT_CONVERSION = YES;
				CLANG_WARN_DEPRECATED_OBJC_IMPLEMENTATIONS = YES;
				CLANG_WARN_DIRECT_OBJC_ISA_USAGE = YES_ERROR;
				CLANG_WARN_DOCUMENTATION_COMMENTS = YES;
				CLANG_WARN_EMPTY_BODY = YES;
				CLANG_WARN_ENUM_CONVERSION = YES;
				CLANG_WARN_INFINITE_RECURSION = YES;
				CLANG_WARN_INT_CONVERSION = YES;
				CLANG_WARN_NON_LITERAL_NULL_CONVERSION = YES;
				CLANG_WARN_OBJC_IMPLICIT_RETAIN_SELF = YES;
				CLANG_WARN_OBJC_LITERAL_CONVERSION = YES;
				CLANG_WARN_OBJC_ROOT_CLASS = YES_ERROR;
				CLANG_WARN_QUOTED_INCLUDE_IN_FRAMEWORK_HEADER = YES;
				CLANG_WARN_RANGE_LOOP_ANALYSIS = YES;
				CLANG_WARN_STRICT_PROTOTYPES = YES;
				CLANG_WARN_SUSPICIOUS_MOVE = YES;
				CLANG_WARN_UNGUARDED_AVAILABILITY = YES_AGGRESSIVE;
				CLANG_WARN_UNREACHABLE_CODE = YES;
				CLANG_WARN__DUPLICATE_METHOD_MATCH = YES;
				COPY_PHASE_STRIP = NO;
				DEBUG_INFORMATION_FORMAT = dwarf;
				ENABLE_STRICT_OBJC_MSGSEND = YES;
				ENABLE_TESTABILITY = YES;
				GCC_C_LANGUAGE_STANDARD = gnu11;
				GCC_DYNAMIC_NO_PIC = NO;
				GCC_NO_COMMON_BLOCKS = YES;
				GCC_OPTIMIZATION_LEVEL = 0;
				GCC_PREPROCESSOR_DEFINITIONS = (
					"DEBUG=1",
					"$(inherited)",
				);
				GCC_WARN_64_TO_32_BIT_CONVERSION = YES;
				GCC_WARN_ABOUT_RETURN_TYPE = YES_ERROR;
				GCC_WARN_UNDECLARED_SELECTOR = YES;
				GCC_WARN_UNINITIALIZED_AUTOS = YES_AGGRESSIVE;
				GCC_WARN_UNUSED_FUNCTION = YES;
				GCC_WARN_UNUSED_VARIABLE = YES;
				IPHONEOS_DEPLOYMENT_TARGET = 15.5;
				MTL_ENABLE_DEBUG_INFO = INCLUDE_SOURCE;
				MTL_FAST_MATH = YES;
				ONLY_ACTIVE_ARCH = YES;
				SDKROOT = iphoneos;
				SWIFT_ACTIVE_COMPILATION_CONDITIONS = DEBUG;
				SWIFT_OPTIMIZATION_LEVEL = "-Onone";
			};
			name = Debug;
		};
		92D766D728D8C9C4002CC687 /* Release */ = {
			isa = XCBuildConfiguration;
			buildSettings = {
				ALWAYS_SEARCH_USER_PATHS = NO;
				CLANG_ANALYZER_NONNULL = YES;
				CLANG_ANALYZER_NUMBER_OBJECT_CONVERSION = YES_AGGRESSIVE;
				CLANG_CXX_LANGUAGE_STANDARD = "gnu++17";
				CLANG_ENABLE_MODULES = YES;
				CLANG_ENABLE_OBJC_ARC = YES;
				CLANG_ENABLE_OBJC_WEAK = YES;
				CLANG_WARN_BLOCK_CAPTURE_AUTORELEASING = YES;
				CLANG_WARN_BOOL_CONVERSION = YES;
				CLANG_WARN_COMMA = YES;
				CLANG_WARN_CONSTANT_CONVERSION = YES;
				CLANG_WARN_DEPRECATED_OBJC_IMPLEMENTATIONS = YES;
				CLANG_WARN_DIRECT_OBJC_ISA_USAGE = YES_ERROR;
				CLANG_WARN_DOCUMENTATION_COMMENTS = YES;
				CLANG_WARN_EMPTY_BODY = YES;
				CLANG_WARN_ENUM_CONVERSION = YES;
				CLANG_WARN_INFINITE_RECURSION = YES;
				CLANG_WARN_INT_CONVERSION = YES;
				CLANG_WARN_NON_LITERAL_NULL_CONVERSION = YES;
				CLANG_WARN_OBJC_IMPLICIT_RETAIN_SELF = YES;
				CLANG_WARN_OBJC_LITERAL_CONVERSION = YES;
				CLANG_WARN_OBJC_ROOT_CLASS = YES_ERROR;
				CLANG_WARN_QUOTED_INCLUDE_IN_FRAMEWORK_HEADER = YES;
				CLANG_WARN_RANGE_LOOP_ANALYSIS = YES;
				CLANG_WARN_STRICT_PROTOTYPES = YES;
				CLANG_WARN_SUSPICIOUS_MOVE = YES;
				CLANG_WARN_UNGUARDED_AVAILABILITY = YES_AGGRESSIVE;
				CLANG_WARN_UNREACHABLE_CODE = YES;
				CLANG_WARN__DUPLICATE_METHOD_MATCH = YES;
				COPY_PHASE_STRIP = NO;
				DEBUG_INFORMATION_FORMAT = "dwarf-with-dsym";
				ENABLE_NS_ASSERTIONS = NO;
				ENABLE_STRICT_OBJC_MSGSEND = YES;
				GCC_C_LANGUAGE_STANDARD = gnu11;
				GCC_NO_COMMON_BLOCKS = YES;
				GCC_WARN_64_TO_32_BIT_CONVERSION = YES;
				GCC_WARN_ABOUT_RETURN_TYPE = YES_ERROR;
				GCC_WARN_UNDECLARED_SELECTOR = YES;
				GCC_WARN_UNINITIALIZED_AUTOS = YES_AGGRESSIVE;
				GCC_WARN_UNUSED_FUNCTION = YES;
				GCC_WARN_UNUSED_VARIABLE = YES;
				IPHONEOS_DEPLOYMENT_TARGET = 15.5;
				MTL_ENABLE_DEBUG_INFO = NO;
				MTL_FAST_MATH = YES;
				SDKROOT = iphoneos;
				SWIFT_COMPILATION_MODE = wholemodule;
				SWIFT_OPTIMIZATION_LEVEL = "-O";
				VALIDATE_PRODUCT = YES;
			};
			name = Release;
		};
		92D766D928D8C9C4002CC687 /* Debug */ = {
			isa = XCBuildConfiguration;
			buildSettings = {
				ASSETCATALOG_COMPILER_APPICON_NAME = AppIcon;
				ASSETCATALOG_COMPILER_GLOBAL_ACCENT_COLOR_NAME = AccentColor;
				CODE_SIGN_STYLE = Automatic;
				CURRENT_PROJECT_VERSION = 1;
				DEVELOPMENT_ASSET_PATHS = "\"LegoBlend/Preview Content\"";
				ENABLE_PREVIEWS = YES;
				GENERATE_INFOPLIST_FILE = YES;
				INFOPLIST_KEY_UIApplicationSceneManifest_Generation = YES;
				INFOPLIST_KEY_UIApplicationSupportsIndirectInputEvents = YES;
				INFOPLIST_KEY_UILaunchScreen_Generation = YES;
				INFOPLIST_KEY_UISupportedInterfaceOrientations_iPad = "UIInterfaceOrientationPortrait UIInterfaceOrientationPortraitUpsideDown UIInterfaceOrientationLandscapeLeft UIInterfaceOrientationLandscapeRight";
				INFOPLIST_KEY_UISupportedInterfaceOrientations_iPhone = "UIInterfaceOrientationPortrait UIInterfaceOrientationLandscapeLeft UIInterfaceOrientationLandscapeRight";
				LD_RUNPATH_SEARCH_PATHS = (
					"$(inherited)",
					"@executable_path/Frameworks",
				);
				MARKETING_VERSION = 1.0;
				PRODUCT_BUNDLE_IDENTIFIER = Vian.LegoBlend;
				PRODUCT_NAME = "$(TARGET_NAME)";
				SWIFT_EMIT_LOC_STRINGS = YES;
				SWIFT_VERSION = 5.0;
				TARGETED_DEVICE_FAMILY = "1,2";
			};
			name = Debug;
		};
		92D766DA28D8C9C4002CC687 /* Release */ = {
			isa = XCBuildConfiguration;
			buildSettings = {
				ASSETCATALOG_COMPILER_APPICON_NAME = AppIcon;
				ASSETCATALOG_COMPILER_GLOBAL_ACCENT_COLOR_NAME = AccentColor;
				CODE_SIGN_STYLE = Automatic;
				CURRENT_PROJECT_VERSION = 1;
				DEVELOPMENT_ASSET_PATHS = "\"LegoBlend/Preview Content\"";
				ENABLE_PREVIEWS = YES;
				GENERATE_INFOPLIST_FILE = YES;
				INFOPLIST_KEY_UIApplicationSceneManifest_Generation = YES;
				INFOPLIST_KEY_UIApplicationSupportsIndirectInputEvents = YES;
				INFOPLIST_KEY_UILaunchScreen_Generation = YES;
				INFOPLIST_KEY_UISupportedInterfaceOrientations_iPad = "UIInterfaceOrientationPortrait UIInterfaceOrientationPortraitUpsideDown UIInterfaceOrientationLandscapeLeft UIInterfaceOrientationLandscapeRight";
				INFOPLIST_KEY_UISupportedInterfaceOrientations_iPhone = "UIInterfaceOrientationPortrait UIInterfaceOrientationLandscapeLeft UIInterfaceOrientationLandscapeRight";
				LD_RUNPATH_SEARCH_PATHS = (
					"$(inherited)",
					"@executable_path/Frameworks",
				);
				MARKETING_VERSION = 1.0;
				PRODUCT_BUNDLE_IDENTIFIER = Vian.LegoBlend;
				PRODUCT_NAME = "$(TARGET_NAME)";
				SWIFT_EMIT_LOC_STRINGS = YES;
				SWIFT_VERSION = 5.0;
				TARGETED_DEVICE_FAMILY = "1,2";
			};
			name = Release;
		};
		92D766DC28D8C9C4002CC687 /* Debug */ = {
			isa = XCBuildConfiguration;
			buildSettings = {
				ALWAYS_EMBED_SWIFT_STANDARD_LIBRARIES = YES;
				BUNDLE_LOADER = "$(TEST_HOST)";
				CODE_SIGN_STYLE = Automatic;
				CURRENT_PROJECT_VERSION = 1;
				GENERATE_INFOPLIST_FILE = YES;
				IPHONEOS_DEPLOYMENT_TARGET = 15.5;
				MARKETING_VERSION = 1.0;
				PRODUCT_BUNDLE_IDENTIFIER = Vian.LegoBlendTests;
				PRODUCT_NAME = "$(TARGET_NAME)";
				SWIFT_EMIT_LOC_STRINGS = NO;
				SWIFT_VERSION = 5.0;
				TARGETED_DEVICE_FAMILY = "1,2";
				TEST_HOST = "$(BUILT_PRODUCTS_DIR)/LegoBlend.app/LegoBlend";
			};
			name = Debug;
		};
		92D766DD28D8C9C4002CC687 /* Release */ = {
			isa = XCBuildConfiguration;
			buildSettings = {
				ALWAYS_EMBED_SWIFT_STANDARD_LIBRARIES = YES;
				BUNDLE_LOADER = "$(TEST_HOST)";
				CODE_SIGN_STYLE = Automatic;
				CURRENT_PROJECT_VERSION = 1;
				GENERATE_INFOPLIST_FILE = YES;
				IPHONEOS_DEPLOYMENT_TARGET = 15.5;
				MARKETING_VERSION = 1.0;
				PRODUCT_BUNDLE_IDENTIFIER = Vian.LegoBlendTests;
				PRODUCT_NAME = "$(TARGET_NAME)";
				SWIFT_EMIT_LOC_STRINGS = NO;
				SWIFT_VERSION = 5.0;
				TARGETED_DEVICE_FAMILY = "1,2";
				TEST_HOST = "$(BUILT_PRODUCTS_DIR)/LegoBlend.app/LegoBlend";
			};
			name = Release;
		};
		92D766DF28D8C9C4002CC687 /* Debug */ = {
			isa = XCBuildConfiguration;
			buildSettings = {
				ALWAYS_EMBED_SWIFT_STANDARD_LIBRARIES = YES;
				CODE_SIGN_STYLE = Automatic;
				CURRENT_PROJECT_VERSION = 1;
				GENERATE_INFOPLIST_FILE = YES;
				MARKETING_VERSION = 1.0;
				PRODUCT_BUNDLE_IDENTIFIER = Vian.LegoBlendUITests;
				PRODUCT_NAME = "$(TARGET_NAME)";
				SWIFT_EMIT_LOC_STRINGS = NO;
				SWIFT_VERSION = 5.0;
				TARGETED_DEVICE_FAMILY = "1,2";
				TEST_TARGET_NAME = LegoBlend;
			};
			name = Debug;
		};
		92D766E028D8C9C4002CC687 /* Release */ = {
			isa = XCBuildConfiguration;
			buildSettings = {
				ALWAYS_EMBED_SWIFT_STANDARD_LIBRARIES = YES;
				CODE_SIGN_STYLE = Automatic;
				CURRENT_PROJECT_VERSION = 1;
				GENERATE_INFOPLIST_FILE = YES;
				MARKETING_VERSION = 1.0;
				PRODUCT_BUNDLE_IDENTIFIER = Vian.LegoBlendUITests;
				PRODUCT_NAME = "$(TARGET_NAME)";
				SWIFT_EMIT_LOC_STRINGS = NO;
				SWIFT_VERSION = 5.0;
				TARGETED_DEVICE_FAMILY = "1,2";
				TEST_TARGET_NAME = LegoBlend;
			};
			name = Release;
		};
/* End XCBuildConfiguration section */

/* Begin XCConfigurationList section */
		92D766AF28D8C9BC002CC687 /* Build configuration list for PBXProject "LegoBlend" */ = {
			isa = XCConfigurationList;
			buildConfigurations = (
				92D766D628D8C9C4002CC687 /* Debug */,
				92D766D728D8C9C4002CC687 /* Release */,
			);
			defaultConfigurationIsVisible = 0;
			defaultConfigurationName = Release;
		};
		92D766D828D8C9C4002CC687 /* Build configuration list for PBXNativeTarget "LegoBlend" */ = {
			isa = XCConfigurationList;
			buildConfigurations = (
				92D766D928D8C9C4002CC687 /* Debug */,
				92D766DA28D8C9C4002CC687 /* Release */,
			);
			defaultConfigurationIsVisible = 0;
			defaultConfigurationName = Release;
		};
		92D766DB28D8C9C4002CC687 /* Build configuration list for PBXNativeTarget "LegoBlendTests" */ = {
			isa = XCConfigurationList;
			buildConfigurations = (
				92D766DC28D8C9C4002CC687 /* Debug */,
				92D766DD28D8C9C4002CC687 /* Release */,
			);
			defaultConfigurationIsVisible = 0;
			defaultConfigurationName = Release;
		};
		92D766DE28D8C9C4002CC687 /* Build configuration list for PBXNativeTarget "LegoBlendUITests" */ = {
			isa = XCConfigurationList;
			buildConfigurations = (
				92D766DF28D8C9C4002CC687 /* Debug */,
				92D766E028D8C9C4002CC687 /* Release */,
			);
			defaultConfigurationIsVisible = 0;
			defaultConfigurationName = Release;
		};
/* End XCConfigurationList section */
	};
	rootObject = 92D766AC28D8C9BC002CC687 /* Project object */;
}
